
Microsoft Visual Studio Solution File, Format Version 12.00
# Visual Studio 15
Project("{FAE04EC0-301F-11D3-BF4B-00C04F79EFBC}") = "UnityEngine.UI", "UnityEngine.UI.csproj", "{A1EBB4ED-1044-A187-01B7-E4287803B88A}"
EndProject
Project("{FAE04EC0-301F-11D3-BF4B-00C04F79EFBC}") = "UnityEngine.TestRunner", "UnityEngine.TestRunner.csproj", "{3D071FE6-B6BF-205C-C91F-542CE1489555}"
EndProject
Project("{FAE04EC0-301F-11D3-BF4B-00C04F79EFBC}") = "Unity.RenderPipelines.Universal.Runtime", "Unity.RenderPipelines.Universal.Runtime.csproj", "{06FC50C5-CAE1-643D-B35B-DF031920E62E}"
EndProject
Project("{FAE04EC0-301F-11D3-BF4B-00C04F79EFBC}") = "Unity.TextMeshPro", "Unity.TextMeshPro.csproj", "{C8BD76B9-821A-FD1A-DEA5-F1315CC03BE1}"
EndProject
Project("{FAE04EC0-301F-11D3-BF4B-00C04F79EFBC}") = "Unity.Timeline", "Unity.Timeline.csproj", "{E197F139-B2A8-D986-C7AD-FA7BD0F40261}"
EndProject
Project("{FAE04EC0-301F-11D3-BF4B-00C04F79EFBC}") = "Unity.RenderPipelines.Core.Runtime", "Unity.RenderPipelines.Core.Runtime.csproj", "{11BA4D76-A038-1E33-CC72-BBCBA5910BD3}"
EndProject
Project("{FAE04EC0-301F-11D3-BF4B-00C04F79EFBC}") = "Assembly-CSharp", "Assembly-CSharp.csproj", "{AAF1A0AE-E295-AD99-9BF5-35333D7DFB77}"
EndProject
Project("{FAE04EC0-301F-11D3-BF4B-00C04F79EFBC}") = "Unity.RenderPipelines.ShaderGraph.ShaderGraphLibrary", "Unity.RenderPipelines.ShaderGraph.ShaderGraphLibrary.csproj", "{F2283C16-E67D-87DD-6379-B9FEE3F0A6B8}"
EndProject
Project("{FAE04EC0-301F-11D3-BF4B-00C04F79EFBC}") = "Unity.RenderPipeline.Universal.ShaderLibrary", "Unity.RenderPipeline.Universal.ShaderLibrary.csproj", "{3747FCDD-F07B-8A69-0B2B-BBCDAEF56ADC}"
EndProject
Project("{FAE04EC0-301F-11D3-BF4B-00C04F79EFBC}") = "Unity.RenderPipelines.Core.ShaderLibrary", "Unity.RenderPipelines.Core.ShaderLibrary.csproj", "{D0C21120-AA3B-B4C9-EF25-1F877E28304E}"
EndProject
Project("{FAE04EC0-301F-11D3-BF4B-00C04F79EFBC}") = "Unity.RenderPipelines.Universal.Shaders", "Unity.RenderPipelines.Universal.Shaders.csproj", "{D74EE95B-E051-9CCF-D841-BBDD648E7515}"
EndProject
Project("{FAE04EC0-301F-11D3-BF4B-00C04F79EFBC}") = "Unity.ShaderGraph.Editor", "Unity.ShaderGraph.Editor.csproj", "{C51E03A6-71BC-979C-367C-6A42EC447A15}"
EndProject
Project("{FAE04EC0-301F-11D3-BF4B-00C04F79EFBC}") = "Unity.TextMeshPro.Editor", "Unity.TextMeshPro.Editor.csproj", "{10D75BBB-E575-74DF-52AF-DE688CA1764C}"
EndProject
Project("{FAE04EC0-301F-11D3-BF4B-00C04F79EFBC}") = "Unity.Timeline.Editor", "Unity.Timeline.Editor.csproj", "{FAD858E0-B1AF-E15B-8C68-7857D1D8D0A4}"
EndProject
Project("{FAE04EC0-301F-11D3-BF4B-00C04F79EFBC}") = "Unity.CollabProxy.Editor", "Unity.CollabProxy.Editor.csproj", "{BD4427FD-3458-699F-A1F2-6DDE246B6366}"
EndProject
Project("{FAE04EC0-301F-11D3-BF4B-00C04F79EFBC}") = "UnityEditor.TestRunner", "UnityEditor.TestRunner.csproj", "{60E622B6-CD61-8942-D362-FE5E50F2A6C8}"
EndProject
Project("{FAE04EC0-301F-11D3-BF4B-00C04F79EFBC}") = "Unity.RenderPipelines.Universal.Editor", "Unity.RenderPipelines.Universal.Editor.csproj", "{1D875BAA-024C-A4B9-9334-C5274E1BA91A}"
EndProject
Project("{FAE04EC0-301F-11D3-BF4B-00C04F79EFBC}") = "Unity.2D.Sprite.Editor", "Unity.2D.Sprite.Editor.csproj", "{81BC2BC9-3899-7521-BF50-420DA99C0BB8}"
EndProject
Project("{FAE04EC0-301F-11D3-BF4B-00C04F79EFBC}") = "UnityEditor.UI", "UnityEditor.UI.csproj", "{01400A0E-1F68-0B14-EBDC-53F67E72B082}"
EndProject
Project("{FAE04EC0-301F-11D3-BF4B-00C04F79EFBC}") = "Unity.Rider.Editor", "Unity.Rider.Editor.csproj", "{F2E24392-C635-5556-1D1A-779DA860EA13}"
EndProject
Project("{FAE04EC0-301F-11D3-BF4B-00C04F79EFBC}") = "Unity.VisualStudio.Editor", "Unity.VisualStudio.Editor.csproj", "{F38417E9-0097-40A1-96C3-A8F4821C416F}"
EndProject
Project("{FAE04EC0-301F-11D3-BF4B-00C04F79EFBC}") = "Unity.RenderPipelines.Core.Editor", "Unity.RenderPipelines.Core.Editor.csproj", "{D8163C13-93AA-4370-CAB1-9B76AAC93EAC}"
EndProject
Project("{FAE04EC0-301F-11D3-BF4B-00C04F79EFBC}") = "Unity.VSCode.Editor", "Unity.VSCode.Editor.csproj", "{1B2F530D-DDA0-0159-53A8-699CD80D1C62}"
EndProject
Project("{FAE04EC0-301F-11D3-BF4B-00C04F79EFBC}") = "Unity.Searcher.Editor", "Unity.Searcher.Editor.csproj", "{6C37D308-3B0A-F86D-F544-534CB9E73D32}"
EndProject
Project("{FAE04EC0-301F-11D3-BF4B-00C04F79EFBC}") = "Unity.ShaderGraph.Utilities", "Unity.ShaderGraph.Utilities.csproj", "{3F684D6B-FA4A-2FC0-7BF6-1BD2CD4299EB}"
EndProject
Project("{FAE04EC0-301F-11D3-BF4B-00C04F79EFBC}") = "UnityEngine.UI", "UnityEngine.UI.Player.csproj", "{8B26AE9B-2249-8258-333A-952110FA4B8D}"
EndProject
Project("{FAE04EC0-301F-11D3-BF4B-00C04F79EFBC}") = "UnityEngine.TestRunner", "UnityEngine.TestRunner.Player.csproj", "{F1EE4AA8-9D56-8E7C-35EE-C20918517E69}"
EndProject
Project("{FAE04EC0-301F-11D3-BF4B-00C04F79EFBC}") = "Unity.RenderPipelines.Universal.Runtime", "Unity.RenderPipelines.Universal.Runtime.Player.csproj", "{E9A09625-EBF9-CF25-D37C-FC12A7C7FD1A}"
EndProject
Project("{FAE04EC0-301F-11D3-BF4B-00C04F79EFBC}") = "Unity.TextMeshPro", "Unity.TextMeshPro.Player.csproj", "{84DDCA05-465C-FCC8-7222-0F421327B810}"
EndProject
Project("{FAE04EC0-301F-11D3-BF4B-00C04F79EFBC}") = "Unity.Timeline", "Unity.Timeline.Player.csproj", "{A0E6145C-AEE4-A6E3-D27D-CFFEA8379F4E}"
EndProject
Project("{FAE04EC0-301F-11D3-BF4B-00C04F79EFBC}") = "Unity.RenderPipelines.Core.Runtime", "Unity.RenderPipelines.Core.Runtime.Player.csproj", "{F210B76B-6A3D-CC3B-9EB3-9F10305825A0}"
EndProject
Project("{FAE04EC0-301F-11D3-BF4B-00C04F79EFBC}") = "Assembly-CSharp", "Assembly-CSharp.Player.csproj", "{B69458D6-6A71-0975-1864-2D045C01CC5E}"
EndProject
Project("{FAE04EC0-301F-11D3-BF4B-00C04F79EFBC}") = "Unity.RenderPipelines.ShaderGraph.ShaderGraphLibrary", "Unity.RenderPipelines.ShaderGraph.ShaderGraphLibrary.Player.csproj", "{12621D42-F642-34B2-B105-8BAC6816B7B0}"
EndProject
Project("{FAE04EC0-301F-11D3-BF4B-00C04F79EFBC}") = "Unity.RenderPipeline.Universal.ShaderLibrary", "Unity.RenderPipeline.Universal.ShaderLibrary.Player.csproj", "{EECB6C80-20F8-6309-DABE-B8920D6CB885}"
EndProject
Project("{FAE04EC0-301F-11D3-BF4B-00C04F79EFBC}") = "Unity.RenderPipelines.Core.ShaderLibrary", "Unity.RenderPipelines.Core.ShaderLibrary.Player.csproj", "{CC007D64-E21B-7F17-C179-7EF170B502F3}"
EndProject
Project("{FAE04EC0-301F-11D3-BF4B-00C04F79EFBC}") = "Unity.RenderPipelines.Universal.Shaders", "Unity.RenderPipelines.Universal.Shaders.Player.csproj", "{3CB4336F-283A-7529-7922-9855FED5F9FA}"
EndProject
Global
	GlobalSection(SolutionConfigurationPlatforms) = preSolution
		Debug|Any CPU = Debug|Any CPU
		Release|Any CPU = Release|Any CPU
	EndGlobalSection
	GlobalSection(ProjectConfigurationPlatforms) = postSolution
		{A1EBB4ED-1044-A187-01B7-E4287803B88A}.Debug|Any CPU.ActiveCfg = Debug|Any CPU
		{A1EBB4ED-1044-A187-01B7-E4287803B88A}.Debug|Any CPU.Build.0 = Debug|Any CPU
		{A1EBB4ED-1044-A187-01B7-E4287803B88A}.Release|Any CPU.ActiveCfg = Release|Any CPU
		{A1EBB4ED-1044-A187-01B7-E4287803B88A}.Release|Any CPU.Build.0 = Release|Any CPU
		{3D071FE6-B6BF-205C-C91F-542CE1489555}.Debug|Any CPU.ActiveCfg = Debug|Any CPU
		{3D071FE6-B6BF-205C-C91F-542CE1489555}.Debug|Any CPU.Build.0 = Debug|Any CPU
		{3D071FE6-B6BF-205C-C91F-542CE1489555}.Release|Any CPU.ActiveCfg = Release|Any CPU
		{3D071FE6-B6BF-205C-C91F-542CE1489555}.Release|Any CPU.Build.0 = Release|Any CPU
		{06FC50C5-CAE1-643D-B35B-DF031920E62E}.Debug|Any CPU.ActiveCfg = Debug|Any CPU
		{06FC50C5-CAE1-643D-B35B-DF031920E62E}.Debug|Any CPU.Build.0 = Debug|Any CPU
		{06FC50C5-CAE1-643D-B35B-DF031920E62E}.Release|Any CPU.ActiveCfg = Release|Any CPU
		{06FC50C5-CAE1-643D-B35B-DF031920E62E}.Release|Any CPU.Build.0 = Release|Any CPU
		{C8BD76B9-821A-FD1A-DEA5-F1315CC03BE1}.Debug|Any CPU.ActiveCfg = Debug|Any CPU
		{C8BD76B9-821A-FD1A-DEA5-F1315CC03BE1}.Debug|Any CPU.Build.0 = Debug|Any CPU
		{C8BD76B9-821A-FD1A-DEA5-F1315CC03BE1}.Release|Any CPU.ActiveCfg = Release|Any CPU
		{C8BD76B9-821A-FD1A-DEA5-F1315CC03BE1}.Release|Any CPU.Build.0 = Release|Any CPU
		{E197F139-B2A8-D986-C7AD-FA7BD0F40261}.Debug|Any CPU.ActiveCfg = Debug|Any CPU
		{E197F139-B2A8-D986-C7AD-FA7BD0F40261}.Debug|Any CPU.Build.0 = Debug|Any CPU
		{E197F139-B2A8-D986-C7AD-FA7BD0F40261}.Release|Any CPU.ActiveCfg = Release|Any CPU
		{E197F139-B2A8-D986-C7AD-FA7BD0F40261}.Release|Any CPU.Build.0 = Release|Any CPU
		{11BA4D76-A038-1E33-CC72-BBCBA5910BD3}.Debug|Any CPU.ActiveCfg = Debug|Any CPU
		{11BA4D76-A038-1E33-CC72-BBCBA5910BD3}.Debug|Any CPU.Build.0 = Debug|Any CPU
		{11BA4D76-A038-1E33-CC72-BBCBA5910BD3}.Release|Any CPU.ActiveCfg = Release|Any CPU
		{11BA4D76-A038-1E33-CC72-BBCBA5910BD3}.Release|Any CPU.Build.0 = Release|Any CPU
		{AAF1A0AE-E295-AD99-9BF5-35333D7DFB77}.Debug|Any CPU.ActiveCfg = Debug|Any CPU
		{AAF1A0AE-E295-AD99-9BF5-35333D7DFB77}.Debug|Any CPU.Build.0 = Debug|Any CPU
		{AAF1A0AE-E295-AD99-9BF5-35333D7DFB77}.Release|Any CPU.ActiveCfg = Release|Any CPU
		{AAF1A0AE-E295-AD99-9BF5-35333D7DFB77}.Release|Any CPU.Build.0 = Release|Any CPU
		{F2283C16-E67D-87DD-6379-B9FEE3F0A6B8}.Debug|Any CPU.ActiveCfg = Debug|Any CPU
		{F2283C16-E67D-87DD-6379-B9FEE3F0A6B8}.Debug|Any CPU.Build.0 = Debug|Any CPU
		{F2283C16-E67D-87DD-6379-B9FEE3F0A6B8}.Release|Any CPU.ActiveCfg = Release|Any CPU
		{F2283C16-E67D-87DD-6379-B9FEE3F0A6B8}.Release|Any CPU.Build.0 = Release|Any CPU
		{3747FCDD-F07B-8A69-0B2B-BBCDAEF56ADC}.Debug|Any CPU.ActiveCfg = Debug|Any CPU
		{3747FCDD-F07B-8A69-0B2B-BBCDAEF56ADC}.Debug|Any CPU.Build.0 = Debug|Any CPU
		{3747FCDD-F07B-8A69-0B2B-BBCDAEF56ADC}.Release|Any CPU.ActiveCfg = Release|Any CPU
		{3747FCDD-F07B-8A69-0B2B-BBCDAEF56ADC}.Release|Any CPU.Build.0 = Release|Any CPU
		{D0C21120-AA3B-B4C9-EF25-1F877E28304E}.Debug|Any CPU.ActiveCfg = Debug|Any CPU
		{D0C21120-AA3B-B4C9-EF25-1F877E28304E}.Debug|Any CPU.Build.0 = Debug|Any CPU
		{D0C21120-AA3B-B4C9-EF25-1F877E28304E}.Release|Any CPU.ActiveCfg = Release|Any CPU
		{D0C21120-AA3B-B4C9-EF25-1F877E28304E}.Release|Any CPU.Build.0 = Release|Any CPU
		{D74EE95B-E051-9CCF-D841-BBDD648E7515}.Debug|Any CPU.ActiveCfg = Debug|Any CPU
		{D74EE95B-E051-9CCF-D841-BBDD648E7515}.Debug|Any CPU.Build.0 = Debug|Any CPU
		{D74EE95B-E051-9CCF-D841-BBDD648E7515}.Release|Any CPU.ActiveCfg = Release|Any CPU
		{D74EE95B-E051-9CCF-D841-BBDD648E7515}.Release|Any CPU.Build.0 = Release|Any CPU
		{C51E03A6-71BC-979C-367C-6A42EC447A15}.Debug|Any CPU.ActiveCfg = Debug|Any CPU
		{C51E03A6-71BC-979C-367C-6A42EC447A15}.Debug|Any CPU.Build.0 = Debug|Any CPU
		{C51E03A6-71BC-979C-367C-6A42EC447A15}.Release|Any CPU.ActiveCfg = Release|Any CPU
		{C51E03A6-71BC-979C-367C-6A42EC447A15}.Release|Any CPU.Build.0 = Release|Any CPU
		{10D75BBB-E575-74DF-52AF-DE688CA1764C}.Debug|Any CPU.ActiveCfg = Debug|Any CPU
		{10D75BBB-E575-74DF-52AF-DE688CA1764C}.Debug|Any CPU.Build.0 = Debug|Any CPU
		{10D75BBB-E575-74DF-52AF-DE688CA1764C}.Release|Any CPU.ActiveCfg = Release|Any CPU
		{10D75BBB-E575-74DF-52AF-DE688CA1764C}.Release|Any CPU.Build.0 = Release|Any CPU
		{FAD858E0-B1AF-E15B-8C68-7857D1D8D0A4}.Debug|Any CPU.ActiveCfg = Debug|Any CPU
		{FAD858E0-B1AF-E15B-8C68-7857D1D8D0A4}.Debug|Any CPU.Build.0 = Debug|Any CPU
		{FAD858E0-B1AF-E15B-8C68-7857D1D8D0A4}.Release|Any CPU.ActiveCfg = Release|Any CPU
		{FAD858E0-B1AF-E15B-8C68-7857D1D8D0A4}.Release|Any CPU.Build.0 = Release|Any CPU
		{BD4427FD-3458-699F-A1F2-6DDE246B6366}.Debug|Any CPU.ActiveCfg = Debug|Any CPU
		{BD4427FD-3458-699F-A1F2-6DDE246B6366}.Debug|Any CPU.Build.0 = Debug|Any CPU
		{BD4427FD-3458-699F-A1F2-6DDE246B6366}.Release|Any CPU.ActiveCfg = Release|Any CPU
		{BD4427FD-3458-699F-A1F2-6DDE246B6366}.Release|Any CPU.Build.0 = Release|Any CPU
		{60E622B6-CD61-8942-D362-FE5E50F2A6C8}.Debug|Any CPU.ActiveCfg = Debug|Any CPU
		{60E622B6-CD61-8942-D362-FE5E50F2A6C8}.Debug|Any CPU.Build.0 = Debug|Any CPU
		{60E622B6-CD61-8942-D362-FE5E50F2A6C8}.Release|Any CPU.ActiveCfg = Release|Any CPU
		{60E622B6-CD61-8942-D362-FE5E50F2A6C8}.Release|Any CPU.Build.0 = Release|Any CPU
		{1D875BAA-024C-A4B9-9334-C5274E1BA91A}.Debug|Any CPU.ActiveCfg = Debug|Any CPU
		{1D875BAA-024C-A4B9-9334-C5274E1BA91A}.Debug|Any CPU.Build.0 = Debug|Any CPU
		{1D875BAA-024C-A4B9-9334-C5274E1BA91A}.Release|Any CPU.ActiveCfg = Release|Any CPU
		{1D875BAA-024C-A4B9-9334-C5274E1BA91A}.Release|Any CPU.Build.0 = Release|Any CPU
		{81BC2BC9-3899-7521-BF50-420DA99C0BB8}.Debug|Any CPU.ActiveCfg = Debug|Any CPU
		{81BC2BC9-3899-7521-BF50-420DA99C0BB8}.Debug|Any CPU.Build.0 = Debug|Any CPU
		{81BC2BC9-3899-7521-BF50-420DA99C0BB8}.Release|Any CPU.ActiveCfg = Release|Any CPU
		{81BC2BC9-3899-7521-BF50-420DA99C0BB8}.Release|Any CPU.Build.0 = Release|Any CPU
		{01400A0E-1F68-0B14-EBDC-53F67E72B082}.Debug|Any CPU.ActiveCfg = Debug|Any CPU
		{01400A0E-1F68-0B14-EBDC-53F67E72B082}.Debug|Any CPU.Build.0 = Debug|Any CPU
		{01400A0E-1F68-0B14-EBDC-53F67E72B082}.Release|Any CPU.ActiveCfg = Release|Any CPU
		{01400A0E-1F68-0B14-EBDC-53F67E72B082}.Release|Any CPU.Build.0 = Release|Any CPU
		{F2E24392-C635-5556-1D1A-779DA860EA13}.Debug|Any CPU.ActiveCfg = Debug|Any CPU
		{F2E24392-C635-5556-1D1A-779DA860EA13}.Debug|Any CPU.Build.0 = Debug|Any CPU
		{F2E24392-C635-5556-1D1A-779DA860EA13}.Release|Any CPU.ActiveCfg = Release|Any CPU
		{F2E24392-C635-5556-1D1A-779DA860EA13}.Release|Any CPU.Build.0 = Release|Any CPU
		{F38417E9-0097-40A1-96C3-A8F4821C416F}.Debug|Any CPU.ActiveCfg = Debug|Any CPU
		{F38417E9-0097-40A1-96C3-A8F4821C416F}.Debug|Any CPU.Build.0 = Debug|Any CPU
		{F38417E9-0097-40A1-96C3-A8F4821C416F}.Release|Any CPU.ActiveCfg = Release|Any CPU
		{F38417E9-0097-40A1-96C3-A8F4821C416F}.Release|Any CPU.Build.0 = Release|Any CPU
		{D8163C13-93AA-4370-CAB1-9B76AAC93EAC}.Debug|Any CPU.ActiveCfg = Debug|Any CPU
		{D8163C13-93AA-4370-CAB1-9B76AAC93EAC}.Debug|Any CPU.Build.0 = Debug|Any CPU
		{D8163C13-93AA-4370-CAB1-9B76AAC93EAC}.Release|Any CPU.ActiveCfg = Release|Any CPU
		{D8163C13-93AA-4370-CAB1-9B76AAC93EAC}.Release|Any CPU.Build.0 = Release|Any CPU
		{1B2F530D-DDA0-0159-53A8-699CD80D1C62}.Debug|Any CPU.ActiveCfg = Debug|Any CPU
		{1B2F530D-DDA0-0159-53A8-699CD80D1C62}.Debug|Any CPU.Build.0 = Debug|Any CPU
		{1B2F530D-DDA0-0159-53A8-699CD80D1C62}.Release|Any CPU.ActiveCfg = Release|Any CPU
		{1B2F530D-DDA0-0159-53A8-699CD80D1C62}.Release|Any CPU.Build.0 = Release|Any CPU
		{6C37D308-3B0A-F86D-F544-534CB9E73D32}.Debug|Any CPU.ActiveCfg = Debug|Any CPU
		{6C37D308-3B0A-F86D-F544-534CB9E73D32}.Debug|Any CPU.Build.0 = Debug|Any CPU
		{6C37D308-3B0A-F86D-F544-534CB9E73D32}.Release|Any CPU.ActiveCfg = Release|Any CPU
		{6C37D308-3B0A-F86D-F544-534CB9E73D32}.Release|Any CPU.Build.0 = Release|Any CPU
		{3F684D6B-FA4A-2FC0-7BF6-1BD2CD4299EB}.Debug|Any CPU.ActiveCfg = Debug|Any CPU
		{3F684D6B-FA4A-2FC0-7BF6-1BD2CD4299EB}.Debug|Any CPU.Build.0 = Debug|Any CPU
		{3F684D6B-FA4A-2FC0-7BF6-1BD2CD4299EB}.Release|Any CPU.ActiveCfg = Release|Any CPU
		{3F684D6B-FA4A-2FC0-7BF6-1BD2CD4299EB}.Release|Any CPU.Build.0 = Release|Any CPU
		{8B26AE9B-2249-8258-333A-952110FA4B8D}.Debug|Any CPU.ActiveCfg = Debug|Any CPU
		{8B26AE9B-2249-8258-333A-952110FA4B8D}.Debug|Any CPU.Build.0 = Debug|Any CPU
		{8B26AE9B-2249-8258-333A-952110FA4B8D}.Release|Any CPU.ActiveCfg = Release|Any CPU
		{8B26AE9B-2249-8258-333A-952110FA4B8D}.Release|Any CPU.Build.0 = Release|Any CPU
		{F1EE4AA8-9D56-8E7C-35EE-C20918517E69}.Debug|Any CPU.ActiveCfg = Debug|Any CPU
		{F1EE4AA8-9D56-8E7C-35EE-C20918517E69}.Debug|Any CPU.Build.0 = Debug|Any CPU
		{F1EE4AA8-9D56-8E7C-35EE-C20918517E69}.Release|Any CPU.ActiveCfg = Release|Any CPU
		{F1EE4AA8-9D56-8E7C-35EE-C20918517E69}.Release|Any CPU.Build.0 = Release|Any CPU
		{E9A09625-EBF9-CF25-D37C-FC12A7C7FD1A}.Debug|Any CPU.ActiveCfg = Debug|Any CPU
		{E9A09625-EBF9-CF25-D37C-FC12A7C7FD1A}.Debug|Any CPU.Build.0 = Debug|Any CPU
		{E9A09625-EBF9-CF25-D37C-FC12A7C7FD1A}.Release|Any CPU.ActiveCfg = Release|Any CPU
		{E9A09625-EBF9-CF25-D37C-FC12A7C7FD1A}.Release|Any CPU.Build.0 = Release|Any CPU
		{84DDCA05-465C-FCC8-7222-0F421327B810}.Debug|Any CPU.ActiveCfg = Debug|Any CPU
		{84DDCA05-465C-FCC8-7222-0F421327B810}.Debug|Any CPU.Build.0 = Debug|Any CPU
		{84DDCA05-465C-FCC8-7222-0F421327B810}.Release|Any CPU.ActiveCfg = Release|Any CPU
		{84DDCA05-465C-FCC8-7222-0F421327B810}.Release|Any CPU.Build.0 = Release|Any CPU
		{A0E6145C-AEE4-A6E3-D27D-CFFEA8379F4E}.Debug|Any CPU.ActiveCfg = Debug|Any CPU
		{A0E6145C-AEE4-A6E3-D27D-CFFEA8379F4E}.Debug|Any CPU.Build.0 = Debug|Any CPU
		{A0E6145C-AEE4-A6E3-D27D-CFFEA8379F4E}.Release|Any CPU.ActiveCfg = Release|Any CPU
		{A0E6145C-AEE4-A6E3-D27D-CFFEA8379F4E}.Release|Any CPU.Build.0 = Release|Any CPU
		{F210B76B-6A3D-CC3B-9EB3-9F10305825A0}.Debug|Any CPU.ActiveCfg = Debug|Any CPU
		{F210B76B-6A3D-CC3B-9EB3-9F10305825A0}.Debug|Any CPU.Build.0 = Debug|Any CPU
		{F210B76B-6A3D-CC3B-9EB3-9F10305825A0}.Release|Any CPU.ActiveCfg = Release|Any CPU
		{F210B76B-6A3D-CC3B-9EB3-9F10305825A0}.Release|Any CPU.Build.0 = Release|Any CPU
		{B69458D6-6A71-0975-1864-2D045C01CC5E}.Debug|Any CPU.ActiveCfg = Debug|Any CPU
		{B69458D6-6A71-0975-1864-2D045C01CC5E}.Debug|Any CPU.Build.0 = Debug|Any CPU
		{B69458D6-6A71-0975-1864-2D045C01CC5E}.Release|Any CPU.ActiveCfg = Release|Any CPU
		{B69458D6-6A71-0975-1864-2D045C01CC5E}.Release|Any CPU.Build.0 = Release|Any CPU
		{12621D42-F642-34B2-B105-8BAC6816B7B0}.Debug|Any CPU.ActiveCfg = Debug|Any CPU
		{12621D42-F642-34B2-B105-8BAC6816B7B0}.Debug|Any CPU.Build.0 = Debug|Any CPU
		{12621D42-F642-34B2-B105-8BAC6816B7B0}.Release|Any CPU.ActiveCfg = Release|Any CPU
		{12621D42-F642-34B2-B105-8BAC6816B7B0}.Release|Any CPU.Build.0 = Release|Any CPU
		{EECB6C80-20F8-6309-DABE-B8920D6CB885}.Debug|Any CPU.ActiveCfg = Debug|Any CPU
		{EECB6C80-20F8-6309-DABE-B8920D6CB885}.Debug|Any CPU.Build.0 = Debug|Any CPU
		{EECB6C80-20F8-6309-DABE-B8920D6CB885}.Release|Any CPU.ActiveCfg = Release|Any CPU
		{EECB6C80-20F8-6309-DABE-B8920D6CB885}.Release|Any CPU.Build.0 = Release|Any CPU
		{CC007D64-E21B-7F17-C179-7EF170B502F3}.Debug|Any CPU.ActiveCfg = Debug|Any CPU
		{CC007D64-E21B-7F17-C179-7EF170B502F3}.Debug|Any CPU.Build.0 = Debug|Any CPU
		{CC007D64-E21B-7F17-C179-7EF170B502F3}.Release|Any CPU.ActiveCfg = Release|Any CPU
		{CC007D64-E21B-7F17-C179-7EF170B502F3}.Release|Any CPU.Build.0 = Release|Any CPU
		{3CB4336F-283A-7529-7922-9855FED5F9FA}.Debug|Any CPU.ActiveCfg = Debug|Any CPU
		{3CB4336F-283A-7529-7922-9855FED5F9FA}.Debug|Any CPU.Build.0 = Debug|Any CPU
		{3CB4336F-283A-7529-7922-9855FED5F9FA}.Release|Any CPU.ActiveCfg = Release|Any CPU
		{3CB4336F-283A-7529-7922-9855FED5F9FA}.Release|Any CPU.Build.0 = Release|Any CPU
	EndGlobalSection
	GlobalSection(SolutionProperties) = preSolution
		HideSolutionNode = FALSE
	EndGlobalSection
EndGlobal
